version = 1
revision = 3
requires-python = ">=3.13"
resolution-markers = [
    "python_full_version >= '3.14' and sys_platform == 'win32'",
    "python_full_version >= '3.14' and sys_platform == 'emscripten'",
    "python_full_version >= '3.14' and sys_platform != 'emscripten' and sys_platform != 'win32'",
    "python_full_version < '3.14' and sys_platform == 'win32'",
    "python_full_version < '3.14' and sys_platform == 'emscripten'",
    "python_full_version < '3.14' and sys_platform != 'emscripten' and sys_platform != 'win32'",
]

[[package]]
name = "bump2version"
version = "1.0.1"
source = { registry = "https://pypi.org/simple" }
sdist = { url = "https://files.pythonhosted.org/packages/29/2a/688aca6eeebfe8941235be53f4da780c6edee05dbbea5d7abaa3aab6fad2/bump2version-1.0.1.tar.gz", hash = "sha256:762cb2bfad61f4ec8e2bdf452c7c267416f8c70dd9ecb1653fd0bbb01fa936e6", size = 36236, upload-time = "2020-10-07T18:38:40.119Z" }
wheels = [
    { url = "https://files.pythonhosted.org/packages/1d/e3/fa60c47d7c344533142eb3af0b73234ef8ea3fb2da742ab976b947e717df/bump2version-1.0.1-py2.py3-none-any.whl", hash = "sha256:37f927ea17cde7ae2d7baf832f8e80ce3777624554a653006c9144f8017fe410", size = 22030, upload-time = "2020-10-07T18:38:38.148Z" },
]

[[package]]
name = "bumpversion"
version = "0.6.0"
source = { registry = "https://pypi.org/simple" }
dependencies = [
    { name = "bump2version" },
]
sdist = { url = "https://files.pythonhosted.org/packages/34/f5/e95fcd8de146884cf5ecf30f227e13c3615584ccef8c8cca18140a27b664/bumpversion-0.6.0.tar.gz", hash = "sha256:4ba55e4080d373f80177b4dabef146c07ce73c7d1377aabf9d3c3ae1f94584a6", size = 11897, upload-time = "2020-05-14T02:19:39.534Z" }
wheels = [
    { url = "https://files.pythonhosted.org/packages/4e/ff/93f0db7b3ca337e9f2a289980083e858775dfb3672b38052c6911b36ea66/bumpversion-0.6.0-py2.py3-none-any.whl", hash = "sha256:4eb3267a38194d09f048a2179980bb4803701969bff2c85fa8f6d1ce050be15e", size = 8449, upload-time = "2020-05-14T02:19:37.745Z" },
]

[[package]]
name = "py-sql-toolkit"
version = "0.1.0"
source = { virtual = "." }
dependencies = [
    { name = "sqlglot" },
]

[package.dev-dependencies]
dev = [
    { name = "bumpversion" },
]

[package.metadata]
requires-dist = [{ name = "sqlglot", specifier = ">=30.9.0" }]

[package.metadata.requires-dev]
dev = [{ name = "bumpversion", specifier = ">=0.6.0" }]

[[package]]
name = "sqlglot"
version = "30.9.0"
source = { registry = "https://pypi.org/simple" }
sdist = { url = "https://files.pythonhosted.org/packages/04/1d/b1380b3ee8fb63c50d7507e956a1228ddefff1a2601d79806c998ef6547b/sqlglot-30.9.0.tar.gz", hash = "sha256:20bed04b6482bf13560206cae517f451f46c321e04956ad71271ed1f12ce8802", size = 5885862, upload-time = "2026-06-04T15:33:52.268Z" }
wheels = [
    { url = "https://files.pythonhosted.org/packages/13/4c/41b222c130950a077e1a0ba311df84a29b818db7c136ecc1aafbfad42e26/sqlglot-30.9.0-py3-none-any.whl", hash = "sha256:59b5f74f4d391e32e6980e8cd23cca8d47beac3c0140b711ead9ed05a824a8b5", size = 695762, upload-time = "2026-06-04T15:33:49.526Z" },
]
